
Microsoft Visual Studio Solution File, Format Version 12.00
Project("{FAE04EC0-301F-11D3-BF4B-00C04F79EFBC}") = "FileToPrefixSub", "FileToPrefixSub\FileToPrefixSub.csproj", "{37B9E994-DC59-4A0C-91B0-82C5A298399B}"
EndProject
Global
	GlobalSection(SolutionConfigurationPlatforms) = preSolution
		Debug|Any CPU = Debug|Any CPU
		Release|Any CPU = Release|Any CPU
	EndGlobalSection
	GlobalSection(ProjectConfigurationPlatforms) = postSolution
		{37B9E994-DC59-4A0C-91B0-82C5A298399B}.Debug|Any CPU.ActiveCfg = Debug|Any CPU
		{37B9E994-DC59-4A0C-91B0-82C5A298399B}.Debug|Any CPU.Build.0 = Debug|Any CPU
		{37B9E994-DC59-4A0C-91B0-82C5A298399B}.Release|Any CPU.ActiveCfg = Release|Any CPU
		{37B9E994-DC59-4A0C-91B0-82C5A298399B}.Release|Any CPU.Build.0 = Release|Any CPU
	EndGlobalSection
EndGlobal
